# This file is automatically @generated by Poetry 2.0.0 and should not be changed by hand.

[[package]]
name = "puku"
version = "0.1.0"
description = ""
optional = false
python-versions = ">=3.12"
groups = ["dev"]
files = []
develop = false

[package.source]
type = "directory"
url = "libs/puku"

[[package]]
name = "puku-core"
version = "0.1.0"
description = ""
optional = false
python-versions = ">=3.12"
groups = ["dev"]
files = []
develop = false

[package.source]
type = "directory"
url = "libs/core"

[metadata]
lock-version = "2.1"
python-versions = ">=3.12"
content-hash = "e3f8839866421a0a0d6dc0c19558fd10fda49fa2df2a739abcbceea9041dfff4"
